
Microsoft Visual Studio Solution File, Format Version 12.00
# Visual Studio Version 16
VisualStudioVersion = 16.0.29306.81
MinimumVisualStudioVersion = 10.0.40219.1
Project("{9A19103F-16F7-4668-BE54-9A1E7A4F7556}") = "whManagerAPI", "whManagerAPI\whManagerAPI.csproj", "{81AF435D-E4A9-44ED-86DB-28B795C559A3}"
EndProject
Project("{9A19103F-16F7-4668-BE54-9A1E7A4F7556}") = "whManagerLIB", "whManagerLIB\whManagerLIB.csproj", "{7F29ABD6-F4A2-4151-A069-279917B2F2FA}"
EndProject
Project("{FAE04EC0-301F-11D3-BF4B-00C04F79EFBC}") = "whManagerUI", "whManagerUI\whManagerUI.csproj", "{01656CD9-44BE-4CAD-A056-76744378624C}"
	ProjectSection(ProjectDependencies) = postProject
		{7F29ABD6-F4A2-4151-A069-279917B2F2FA} = {7F29ABD6-F4A2-4151-A069-279917B2F2FA}
	EndProjectSection
EndProject
Global
	GlobalSection(SolutionConfigurationPlatforms) = preSolution
		Debug|Any CPU = Debug|Any CPU
		Release|Any CPU = Release|Any CPU
	EndGlobalSection
	GlobalSection(ProjectConfigurationPlatforms) = postSolution
		{81AF435D-E4A9-44ED-86DB-28B795C559A3}.Debug|Any CPU.ActiveCfg = Debug|Any CPU
		{81AF435D-E4A9-44ED-86DB-28B795C559A3}.Debug|Any CPU.Build.0 = Debug|Any CPU
		{81AF435D-E4A9-44ED-86DB-28B795C559A3}.Release|Any CPU.ActiveCfg = Release|Any CPU
		{81AF435D-E4A9-44ED-86DB-28B795C559A3}.Release|Any CPU.Build.0 = Release|Any CPU
		{7F29ABD6-F4A2-4151-A069-279917B2F2FA}.Debug|Any CPU.ActiveCfg = Debug|Any CPU
		{7F29ABD6-F4A2-4151-A069-279917B2F2FA}.Debug|Any CPU.Build.0 = Debug|Any CPU
		{7F29ABD6-F4A2-4151-A069-279917B2F2FA}.Release|Any CPU.ActiveCfg = Release|Any CPU
		{7F29ABD6-F4A2-4151-A069-279917B2F2FA}.Release|Any CPU.Build.0 = Release|Any CPU
		{01656CD9-44BE-4CAD-A056-76744378624C}.Debug|Any CPU.ActiveCfg = Debug|Any CPU
		{01656CD9-44BE-4CAD-A056-76744378624C}.Debug|Any CPU.Build.0 = Debug|Any CPU
		{01656CD9-44BE-4CAD-A056-76744378624C}.Release|Any CPU.ActiveCfg = Release|Any CPU
		{01656CD9-44BE-4CAD-A056-76744378624C}.Release|Any CPU.Build.0 = Release|Any CPU
	EndGlobalSection
	GlobalSection(SolutionProperties) = preSolution
		HideSolutionNode = FALSE
	EndGlobalSection
	GlobalSection(ExtensibilityGlobals) = postSolution
		SolutionGuid = {953AC413-0B71-45A6-B63D-D6D688644EFB}
	EndGlobalSection
EndGlobal
